version = 1
revision = 3
requires-python = ">=3.11"

[[package]]
name = "grpcio"
version = "1.75.1"
source = { registry = "https://pypi.org/simple" }
dependencies = [
    { name = "typing-extensions" },
]
sdist = { url = "https://files.pythonhosted.org/packages/9d/f7/8963848164c7604efb3a3e6ee457fdb3a469653e19002bd24742473254f8/grpcio-1.75.1.tar.gz", hash = "sha256:3e81d89ece99b9ace23a6916880baca613c03a799925afb2857887efa8b1b3d2", size = 12731327, upload-time = "2025-09-26T09:03:36.887Z" }
wheels = [
    { url = "https://files.pythonhosted.org/packages/0c/3c/35ca9747473a306bfad0cee04504953f7098527cd112a4ab55c55af9e7bd/grpcio-1.75.1-cp311-cp311-linux_armv7l.whl", hash = "sha256:573855ca2e58e35032aff30bfbd1ee103fbcf4472e4b28d4010757700918e326", size = 5709761, upload-time = "2025-09-26T09:01:28.528Z" },
    { url = "https://files.pythonhosted.org/packages/c9/2c/ecbcb4241e4edbe85ac2663f885726fea0e947767401288b50d8fdcb9200/grpcio-1.75.1-cp311-cp311-macosx_11_0_universal2.whl", hash = "sha256:6a4996a2c8accc37976dc142d5991adf60733e223e5c9a2219e157dc6a8fd3a2", size = 11496691, upload-time = "2025-09-26T09:01:31.214Z" },
    { url = "https://files.pythonhosted.org/packages/81/40/bc07aee2911f0d426fa53fe636216100c31a8ea65a400894f280274cb023/grpcio-1.75.1-cp311-cp311-manylinux2014_aarch64.manylinux_2_17_aarch64.whl", hash = "sha256:b1ea1bbe77ecbc1be00af2769f4ae4a88ce93be57a4f3eebd91087898ed749f9", size = 6296084, upload-time = "2025-09-26T09:01:34.596Z" },
    { url = "https://files.pythonhosted.org/packages/b8/d1/10c067f6c67396cbf46448b80f27583b5e8c4b46cdfbe18a2a02c2c2f290/grpcio-1.75.1-cp311-cp311-manylinux2014_i686.manylinux_2_17_i686.whl", hash = "sha256:e5b425aee54cc5e3e3c58f00731e8a33f5567965d478d516d35ef99fd648ab68", size = 6950403, upload-time = "2025-09-26T09:01:36.736Z" },
    { url = "https://files.pythonhosted.org/packages/3f/42/5f628abe360b84dfe8dd8f32be6b0606dc31dc04d3358eef27db791ea4d5/grpcio-1.75.1-cp311-cp311-manylinux2014_x86_64.manylinux_2_17_x86_64.whl", hash = "sha256:0049a7bf547dafaeeb1db17079ce79596c298bfe308fc084d023c8907a845b9a", size = 6470166, upload-time = "2025-09-26T09:01:39.474Z" },
    { url = "https://files.pythonhosted.org/packages/c3/93/a24035080251324019882ee2265cfde642d6476c0cf8eb207fc693fcebdc/grpcio-1.75.1-cp311-cp311-musllinux_1_2_aarch64.whl", hash = "sha256:5b8ea230c7f77c0a1a3208a04a1eda164633fb0767b4cefd65a01079b65e5b1f", size = 7107828, upload-time = "2025-09-26T09:01:41.782Z" },
    { url = "https://files.pythonhosted.org/packages/e4/f8/d18b984c1c9ba0318e3628dbbeb6af77a5007f02abc378c845070f2d3edd/grpcio-1.75.1-cp311-cp311-musllinux_1_2_i686.whl", hash = "sha256:36990d629c3c9fb41e546414e5af52d0a7af37ce7113d9682c46d7e2919e4cca", size = 8045421, upload-time = "2025-09-26T09:01:45.835Z" },
    { url = "https://files.pythonhosted.org/packages/7e/b6/4bf9aacff45deca5eac5562547ed212556b831064da77971a4e632917da3/grpcio-1.75.1-cp311-cp311-musllinux_1_2_x86_64.whl", hash = "sha256:b10ad908118d38c2453ade7ff790e5bce36580c3742919007a2a78e3a1e521ca", size = 7503290, upload-time = "2025-09-26T09:01:49.28Z" },
    { url = "https://files.pythonhosted.org/packages/3b/15/d8d69d10223cb54c887a2180bd29fe5fa2aec1d4995c8821f7aa6eaf72e4/grpcio-1.75.1-cp311-cp311-win32.whl", hash = "sha256:d6be2b5ee7bea656c954dcf6aa8093c6f0e6a3ef9945c99d99fcbfc88c5c0bfe", size = 3950631, upload-time = "2025-09-26T09:01:51.23Z" },
    { url = "https://files.pythonhosted.org/packages/8a/40/7b8642d45fff6f83300c24eaac0380a840e5e7fe0e8d80afd31b99d7134e/grpcio-1.75.1-cp311-cp311-win_amd64.whl", hash = "sha256:61c692fb05956b17dd6d1ab480f7f10ad0536dba3bc8fd4e3c7263dc244ed772", size = 4646131, upload-time = "2025-09-26T09:01:53.266Z" },
    { url = "https://files.pythonhosted.org/packages/3a/81/42be79e73a50aaa20af66731c2defeb0e8c9008d9935a64dd8ea8e8c44eb/grpcio-1.75.1-cp312-cp312-linux_armv7l.whl", hash = "sha256:7b888b33cd14085d86176b1628ad2fcbff94cfbbe7809465097aa0132e58b018", size = 5668314, upload-time = "2025-09-26T09:01:55.424Z" },
    { url = "https://files.pythonhosted.org/packages/c5/a7/3686ed15822fedc58c22f82b3a7403d9faf38d7c33de46d4de6f06e49426/grpcio-1.75.1-cp312-cp312-macosx_11_0_universal2.whl", hash = "sha256:8775036efe4ad2085975531d221535329f5dac99b6c2a854a995456098f99546", size = 11476125, upload-time = "2025-09-26T09:01:57.927Z" },
    { url = "https://files.pythonhosted.org/packages/14/85/21c71d674f03345ab183c634ecd889d3330177e27baea8d5d247a89b6442/grpcio-1.75.1-cp312-cp312-manylinux2014_aarch64.manylinux_2_17_aarch64.whl", hash = "sha256:bb658f703468d7fbb5dcc4037c65391b7dc34f808ac46ed9136c24fc5eeb041d", size = 6246335, upload-time = "2025-09-26T09:02:00.76Z" },
    { url = "https://files.pythonhosted.org/packages/fd/db/3beb661bc56a385ae4fa6b0e70f6b91ac99d47afb726fe76aaff87ebb116/grpcio-1.75.1-cp312-cp312-manylinux2014_i686.manylinux_2_17_i686.whl", hash = "sha256:4b7177a1cdb3c51b02b0c0a256b0a72fdab719600a693e0e9037949efffb200b", size = 6916309, upload-time = "2025-09-26T09:02:02.894Z" },
    { url = "https://files.pythonhosted.org/packages/1e/9c/eda9fe57f2b84343d44c1b66cf3831c973ba29b078b16a27d4587a1fdd47/grpcio-1.75.1-cp312-cp312-manylinux2014_x86_64.manylinux_2_17_x86_64.whl", hash = "sha256:7d4fa6ccc3ec2e68a04f7b883d354d7fea22a34c44ce535a2f0c0049cf626ddf", size = 6435419, upload-time = "2025-09-26T09:02:05.055Z" },
    { url = "https://files.pythonhosted.org/packages/c3/b8/090c98983e0a9d602e3f919a6e2d4e470a8b489452905f9a0fa472cac059/grpcio-1.75.1-cp312-cp312-musllinux_1_2_aarch64.whl", hash = "sha256:3d86880ecaeb5b2f0a8afa63824de93adb8ebe4e49d0e51442532f4e08add7d6", size = 7064893, upload-time = "2025-09-26T09:02:07.275Z" },
    { url = "https://files.pythonhosted.org/packages/ec/c0/6d53d4dbbd00f8bd81571f5478d8a95528b716e0eddb4217cc7cb45aae5f/grpcio-1.75.1-cp312-cp312-musllinux_1_2_i686.whl", hash = "sha256:a8041d2f9e8a742aeae96f4b047ee44e73619f4f9d24565e84d5446c623673b6", size = 8011922, upload-time = "2025-09-26T09:02:09.527Z" },
    { url = "https://files.pythonhosted.org/packages/f2/7c/48455b2d0c5949678d6982c3e31ea4d89df4e16131b03f7d5c590811cbe9/grpcio-1.75.1-cp312-cp312-musllinux_1_2_x86_64.whl", hash = "sha256:3652516048bf4c314ce12be37423c79829f46efffb390ad64149a10c6071e8de", size = 7466181, upload-time = "2025-09-26T09:02:12.279Z" },
    { url = "https://files.pythonhosted.org/packages/fd/12/04a0e79081e3170b6124f8cba9b6275871276be06c156ef981033f691880/grpcio-1.75.1-cp312-cp312-win32.whl", hash = "sha256:44b62345d8403975513af88da2f3d5cc76f73ca538ba46596f92a127c2aea945", size = 3938543, upload-time = "2025-09-26T09:02:14.77Z" },
    { url = "https://files.pythonhosted.org/packages/5f/d7/11350d9d7fb5adc73d2b0ebf6ac1cc70135577701e607407fe6739a90021/grpcio-1.75.1-cp312-cp312-win_amd64.whl", hash = "sha256:b1e191c5c465fa777d4cafbaacf0c01e0d5278022082c0abbd2ee1d6454ed94d", size = 4641938, upload-time = "2025-09-26T09:02:16.927Z" },
    { url = "https://files.pythonhosted.org/packages/46/74/bac4ab9f7722164afdf263ae31ba97b8174c667153510322a5eba4194c32/grpcio-1.75.1-cp313-cp313-linux_armv7l.whl", hash = "sha256:3bed22e750d91d53d9e31e0af35a7b0b51367e974e14a4ff229db5b207647884", size = 5672779, upload-time = "2025-09-26T09:02:19.11Z" },
    { url = "https://files.pythonhosted.org/packages/a6/52/d0483cfa667cddaa294e3ab88fd2c2a6e9dc1a1928c0e5911e2e54bd5b50/grpcio-1.75.1-cp313-cp313-macosx_11_0_universal2.whl", hash = "sha256:5b8f381eadcd6ecaa143a21e9e80a26424c76a0a9b3d546febe6648f3a36a5ac", size = 11470623, upload-time = "2025-09-26T09:02:22.117Z" },
    { url = "https://files.pythonhosted.org/packages/cf/e4/d1954dce2972e32384db6a30273275e8c8ea5a44b80347f9055589333b3f/grpcio-1.75.1-cp313-cp313-manylinux2014_aarch64.manylinux_2_17_aarch64.whl", hash = "sha256:5bf4001d3293e3414d0cf99ff9b1139106e57c3a66dfff0c5f60b2a6286ec133", size = 6248838, upload-time = "2025-09-26T09:02:26.426Z" },
    { url = "https://files.pythonhosted.org/packages/06/43/073363bf63826ba8077c335d797a8d026f129dc0912b69c42feaf8f0cd26/grpcio-1.75.1-cp313-cp313-manylinux2014_i686.manylinux_2_17_i686.whl", hash = "sha256:9f82ff474103e26351dacfe8d50214e7c9322960d8d07ba7fa1d05ff981c8b2d", size = 6922663, upload-time = "2025-09-26T09:02:28.724Z" },
    { url = "https://files.pythonhosted.org/packages/c2/6f/076ac0df6c359117676cacfa8a377e2abcecec6a6599a15a672d331f6680/grpcio-1.75.1-cp313-cp313-manylinux2014_x86_64.manylinux_2_17_x86_64.whl", hash = "sha256:0ee119f4f88d9f75414217823d21d75bfe0e6ed40135b0cbbfc6376bc9f7757d", size = 6436149, upload-time = "2025-09-26T09:02:30.971Z" },
    { url = "https://files.pythonhosted.org/packages/6b/27/1d08824f1d573fcb1fa35ede40d6020e68a04391709939e1c6f4193b445f/grpcio-1.75.1-cp313-cp313-musllinux_1_2_aarch64.whl", hash = "sha256:664eecc3abe6d916fa6cf8dd6b778e62fb264a70f3430a3180995bf2da935446", size = 7067989, upload-time = "2025-09-26T09:02:33.233Z" },
    { url = "https://files.pythonhosted.org/packages/c6/98/98594cf97b8713feb06a8cb04eeef60b4757e3e2fb91aa0d9161da769843/grpcio-1.75.1-cp313-cp313-musllinux_1_2_i686.whl", hash = "sha256:c32193fa08b2fbebf08fe08e84f8a0aad32d87c3ad42999c65e9449871b1c66e", size = 8010717, upload-time = "2025-09-26T09:02:36.011Z" },
    { url = "https://files.pythonhosted.org/packages/8c/7e/bb80b1bba03c12158f9254762cdf5cced4a9bc2e8ed51ed335915a5a06ef/grpcio-1.75.1-cp313-cp313-musllinux_1_2_x86_64.whl", hash = "sha256:5cebe13088b9254f6e615bcf1da9131d46cfa4e88039454aca9cb65f639bd3bc", size = 7463822, upload-time = "2025-09-26T09:02:38.26Z" },
    { url = "https://files.pythonhosted.org/packages/23/1c/1ea57fdc06927eb5640f6750c697f596f26183573069189eeaf6ef86ba2d/grpcio-1.75.1-cp313-cp313-win32.whl", hash = "sha256:4b4c678e7ed50f8ae8b8dbad15a865ee73ce12668b6aaf411bf3258b5bc3f970", size = 3938490, upload-time = "2025-09-26T09:02:40.268Z" },
    { url = "https://files.pythonhosted.org/packages/4b/24/fbb8ff1ccadfbf78ad2401c41aceaf02b0d782c084530d8871ddd69a2d49/grpcio-1.75.1-cp313-cp313-win_amd64.whl", hash = "sha256:5573f51e3f296a1bcf71e7a690c092845fb223072120f4bdb7a5b48e111def66", size = 4642538, upload-time = "2025-09-26T09:02:42.519Z" },
    { url = "https://files.pythonhosted.org/packages/f2/1b/9a0a5cecd24302b9fdbcd55d15ed6267e5f3d5b898ff9ac8cbe17ee76129/grpcio-1.75.1-cp314-cp314-linux_armv7l.whl", hash = "sha256:c05da79068dd96723793bffc8d0e64c45f316248417515f28d22204d9dae51c7", size = 5673319, upload-time = "2025-09-26T09:02:44.742Z" },
    { url = "https://files.pythonhosted.org/packages/c6/ec/9d6959429a83fbf5df8549c591a8a52bb313976f6646b79852c4884e3225/grpcio-1.75.1-cp314-cp314-macosx_11_0_universal2.whl", hash = "sha256:06373a94fd16ec287116a825161dca179a0402d0c60674ceeec8c9fba344fe66", size = 11480347, upload-time = "2025-09-26T09:02:47.539Z" },
    { url = "https://files.pythonhosted.org/packages/09/7a/26da709e42c4565c3d7bf999a9569da96243ce34a8271a968dee810a7cf1/grpcio-1.75.1-cp314-cp314-manylinux2014_aarch64.manylinux_2_17_aarch64.whl", hash = "sha256:4484f4b7287bdaa7a5b3980f3c7224c3c622669405d20f69549f5fb956ad0421", size = 6254706, upload-time = "2025-09-26T09:02:50.4Z" },
    { url = "https://files.pythonhosted.org/packages/f1/08/dcb26a319d3725f199c97e671d904d84ee5680de57d74c566a991cfab632/grpcio-1.75.1-cp314-cp314-manylinux2014_i686.manylinux_2_17_i686.whl", hash = "sha256:2720c239c1180eee69f7883c1d4c83fc1a495a2535b5fa322887c70bf02b16e8", size = 6922501, upload-time = "2025-09-26T09:02:52.711Z" },
    { url = "https://files.pythonhosted.org/packages/78/66/044d412c98408a5e23cb348845979a2d17a2e2b6c3c34c1ec91b920f49d0/grpcio-1.75.1-cp314-cp314-manylinux2014_x86_64.manylinux_2_17_x86_64.whl", hash = "sha256:07a554fa31c668cf0e7a188678ceeca3cb8fead29bbe455352e712ec33ca701c", size = 6437492, upload-time = "2025-09-26T09:02:55.542Z" },
    { url = "https://files.pythonhosted.org/packages/4e/9d/5e3e362815152aa1afd8b26ea613effa005962f9da0eec6e0e4527e7a7d1/grpcio-1.75.1-cp314-cp314-musllinux_1_2_aarch64.whl", hash = "sha256:3e71a2105210366bfc398eef7f57a664df99194f3520edb88b9c3a7e46ee0d64", size = 7081061, upload-time = "2025-09-26T09:02:58.261Z" },
    { url = "https://files.pythonhosted.org/packages/1e/1a/46615682a19e100f46e31ddba9ebc297c5a5ab9ddb47b35443ffadb8776c/grpcio-1.75.1-cp314-cp314-musllinux_1_2_i686.whl", hash = "sha256:8679aa8a5b67976776d3c6b0521e99d1c34db8a312a12bcfd78a7085cb9b604e", size = 8010849, upload-time = "2025-09-26T09:03:00.548Z" },
    { url = "https://files.pythonhosted.org/packages/67/8e/3204b94ac30b0f675ab1c06540ab5578660dc8b690db71854d3116f20d00/grpcio-1.75.1-cp314-cp314-musllinux_1_2_x86_64.whl", hash = "sha256:aad1c774f4ebf0696a7f148a56d39a3432550612597331792528895258966dc0", size = 7464478, upload-time = "2025-09-26T09:03:03.096Z" },
    { url = "https://files.pythonhosted.org/packages/b7/97/2d90652b213863b2cf466d9c1260ca7e7b67a16780431b3eb1d0420e3d5b/grpcio-1.75.1-cp314-cp314-win32.whl", hash = "sha256:62ce42d9994446b307649cb2a23335fa8e927f7ab2cbf5fcb844d6acb4d85f9c", size = 4012672, upload-time = "2025-09-26T09:03:05.477Z" },
    { url = "https://files.pythonhosted.org/packages/f9/df/e2e6e9fc1c985cd1a59e6996a05647c720fe8a03b92f5ec2d60d366c531e/grpcio-1.75.1-cp314-cp314-win_amd64.whl", hash = "sha256:f86e92275710bea3000cb79feca1762dc0ad3b27830dd1a74e82ab321d4ee464", size = 4772475, upload-time = "2025-09-26T09:03:07.661Z" },
]

[[package]]
name = "grpcio-tools"
version = "1.75.1"
source = { registry = "https://pypi.org/simple" }
dependencies = [
    { name = "grpcio" },
    { name = "protobuf" },
    { name = "setuptools" },
]
sdist = { url = "https://files.pythonhosted.org/packages/7d/76/0cd2a2bb379275c319544a3ab613dc3cea7a167503908c1b4de55f82bd9e/grpcio_tools-1.75.1.tar.gz", hash = "sha256:bb78960cf3d58941e1fec70cbdaccf255918beed13c34112a6915a6d8facebd1", size = 5390470, upload-time = "2025-09-26T09:10:11.948Z" }
wheels = [
    { url = "https://files.pythonhosted.org/packages/45/28/71ab934662d41ded4e451d9af0ec6f9aade3525e470fdfd10bd20e588e44/grpcio_tools-1.75.1-cp311-cp311-linux_armv7l.whl", hash = "sha256:f0635231feb70a9d551452829943a1a5fa651283e7a300aadc22df5ea5da696f", size = 2545461, upload-time = "2025-09-26T09:08:08.514Z" },
    { url = "https://files.pythonhosted.org/packages/69/40/d90f6fdb51f51b2a518401207b3920fcfdfa996ed7bca844096f111ed839/grpcio_tools-1.75.1-cp311-cp311-macosx_11_0_universal2.whl", hash = "sha256:626293296ef7e2d87ab1a80b81a55eef91883c65b59a97576099a28b9535100b", size = 5842958, upload-time = "2025-09-26T09:08:11.468Z" },
    { url = "https://files.pythonhosted.org/packages/b4/b7/52e6f32fd0101e3ac9c654a6441b254ba5874f146b543b20afbcb8246947/grpcio_tools-1.75.1-cp311-cp311-manylinux2014_aarch64.manylinux_2_17_aarch64.whl", hash = "sha256:071339d90f1faab332ce4919c815a10b9c3ed2c09473f550f686bf9cc148579f", size = 2591669, upload-time = "2025-09-26T09:08:13.481Z" },
    { url = "https://files.pythonhosted.org/packages/0a/3c/115c59a5c0c8e9d7d99a40bac8d5e91c05b6735b3bb185265d40e9fc4346/grpcio_tools-1.75.1-cp311-cp311-manylinux2014_i686.manylinux_2_17_i686.whl", hash = "sha256:44195f58c052fa935b78c7438c85cbcd4b273dd685028e4f6d4d7b30d47daad1", size = 2904952, upload-time = "2025-09-26T09:08:15.299Z" },
    { url = "https://files.pythonhosted.org/packages/a9/cd/d2a3583a5b1d71da88f7998f20fb5a0b6fe5bb96bb916a610c29269063b6/grpcio_tools-1.75.1-cp311-cp311-manylinux2014_x86_64.manylinux_2_17_x86_64.whl", hash = "sha256:860fafdb85726029d646c99859ff7bdca5aae61b5ff038c3bd355fc1ec6b2764", size = 2656311, upload-time = "2025-09-26T09:08:17.094Z" },
    { url = "https://files.pythonhosted.org/packages/aa/09/67b9215d39add550e430c9677bd43c9a315da07ab62fa3a5f44f1cf5bb75/grpcio_tools-1.75.1-cp311-cp311-musllinux_1_2_aarch64.whl", hash = "sha256:4559547a0cb3d3db1b982eea87d4656036339b400f48127fef932210672fb59e", size = 3105583, upload-time = "2025-09-26T09:08:19.179Z" },
    { url = "https://files.pythonhosted.org/packages/98/d7/d400b90812470f3dc2466964e62fc03592de46b5c824c82ef5303be60167/grpcio_tools-1.75.1-cp311-cp311-musllinux_1_2_i686.whl", hash = "sha256:9af65a310807d7f36a8f7cddea142fe97d6dffba74444f38870272f2e5a3a06b", size = 3654677, upload-time = "2025-09-26T09:08:21.227Z" },
    { url = "https://files.pythonhosted.org/packages/9c/93/edf6de71b4f936b3f09461a3286db1f902c6366c5de06ef19a8c2523034a/grpcio_tools-1.75.1-cp311-cp311-musllinux_1_2_x86_64.whl", hash = "sha256:8c1de31aefc0585d2f915a7cd0994d153547495b8d79c44c58048a3ede0b65be", size = 3322147, upload-time = "2025-09-26T09:08:23.08Z" },
    { url = "https://files.pythonhosted.org/packages/80/00/0f8c6204e34070e7d4f344b27e4b1b0320dfdd94574f79738a43504d182e/grpcio_tools-1.75.1-cp311-cp311-win32.whl", hash = "sha256:efaf95fcaa5d3ac1bcfe44ceed9e2512eb95b5c8c476569bdbbe2bee4b59c8a9", size = 993388, upload-time = "2025-09-26T09:08:24.708Z" },
    { url = "https://files.pythonhosted.org/packages/b0/ae/6f738154980f606293988a64ef4bb0ea2bb12029a4529464aac56fe2ab99/grpcio_tools-1.75.1-cp311-cp311-win_amd64.whl", hash = "sha256:7cefe76fc35c825f0148d60d2294a527053d0f5dd6a60352419214a8c53223c9", size = 1157907, upload-time = "2025-09-26T09:08:26.537Z" },
    { url = "https://files.pythonhosted.org/packages/ef/a7/581bb204d19a347303ed5e25b19f7d8c6365a28c242fca013d1d6d78ad7e/grpcio_tools-1.75.1-cp312-cp312-linux_armv7l.whl", hash = "sha256:49b68936cf212052eeafa50b824e17731b78d15016b235d36e0d32199000b14c", size = 2546099, upload-time = "2025-09-26T09:08:28.794Z" },
    { url = "https://files.pythonhosted.org/packages/9f/59/ab65998eba14ff9d292c880f6a276fe7d0571bba3bb4ddf66aca1f8438b5/grpcio_tools-1.75.1-cp312-cp312-macosx_11_0_universal2.whl", hash = "sha256:08cb6e568e58b76a2178ad3b453845ff057131fff00f634d7e15dcd015cd455b", size = 5839838, upload-time = "2025-09-26T09:08:31.038Z" },
    { url = "https://files.pythonhosted.org/packages/7e/65/7027f71069b4c1e8c7b46de8c46c297c9d28ef6ed4ea0161e8c82c75d1d0/grpcio_tools-1.75.1-cp312-cp312-manylinux2014_aarch64.manylinux_2_17_aarch64.whl", hash = "sha256:168402ad29a249092673079cf46266936ec2fb18d4f854d96e9c5fa5708efa39", size = 2592916, upload-time = "2025-09-26T09:08:33.216Z" },
    { url = "https://files.pythonhosted.org/packages/0f/84/1abfb3c679b78c7fca7524031cf9de4c4c509c441b48fd26291ac16dd1af/grpcio_tools-1.75.1-cp312-cp312-manylinux2014_i686.manylinux_2_17_i686.whl", hash = "sha256:bbae11c29fcf450730f021bfc14b12279f2f985e2e493ccc2f133108728261db", size = 2905276, upload-time = "2025-09-26T09:08:35.691Z" },
    { url = "https://files.pythonhosted.org/packages/99/cd/7f9e05f1eddccb61bc0ead1e49eb2222441957b02ed11acfcd2f795b03a8/grpcio_tools-1.75.1-cp312-cp312-manylinux2014_x86_64.manylinux_2_17_x86_64.whl", hash = "sha256:38c6c7d5d4800f636ee691cd073db1606d1a6a76424ca75c9b709436c9c20439", size = 2656424, upload-time = "2025-09-26T09:08:38.255Z" },
    { url = "https://files.pythonhosted.org/packages/29/1d/8b7852771c2467728341f7b9c3ca4ebc76e4e23485c6a3e6d97a8323ad2a/grpcio_tools-1.75.1-cp312-cp312-musllinux_1_2_aarch64.whl", hash = "sha256:626f6a61a8f141dde9a657775854d1c0d99509f9a2762b82aa401a635f6ec73d", size = 3108985, upload-time = "2025-09-26T09:08:40.291Z" },
    { url = "https://files.pythonhosted.org/packages/c2/6a/069da89cdf2e97e4558bfceef5b60bf0ef200c443b465e7691869006dd32/grpcio_tools-1.75.1-cp312-cp312-musllinux_1_2_i686.whl", hash = "sha256:f61a8334ae38d4f98c744a732b89527e5af339d17180e25fff0676060f8709b7", size = 3657940, upload-time = "2025-09-26T09:08:42.437Z" },
    { url = "https://files.pythonhosted.org/packages/c3/e4/ca8dae800c084beb89e2720346f70012d36dfb9df02d8eacd518c06cf4a0/grpcio_tools-1.75.1-cp312-cp312-musllinux_1_2_x86_64.whl", hash = "sha256:bd0c3fb40d89a1e24a41974e77c7331e80396ab7cde39bc396a13d6b5e2a750b", size = 3324878, upload-time = "2025-09-26T09:08:45.083Z" },
    { url = "https://files.pythonhosted.org/packages/58/06/cbe923679309bf970923f4a11351ea9e485291b504d7243130fdcfdcb03f/grpcio_tools-1.75.1-cp312-cp312-win32.whl", hash = "sha256:004bc5327593eea48abd03be3188e757c3ca0039079587a6aac24275127cac20", size = 993071, upload-time = "2025-09-26T09:08:46.785Z" },
    { url = "https://files.pythonhosted.org/packages/7c/0c/84d6be007262c5d88a590082f3a1fe62d4b0eeefa10c6cdb3548f3663e80/grpcio_tools-1.75.1-cp312-cp312-win_amd64.whl", hash = "sha256:23952692160b5fe7900653dfdc9858dc78c2c42e15c27e19ee780c8917ba6028", size = 1157506, upload-time = "2025-09-26T09:08:48.844Z" },
    { url = "https://files.pythonhosted.org/packages/47/fa/624bbe1b2ccf4f6044bf3cd314fe2c35f78f702fcc2191dc65519baddca4/grpcio_tools-1.75.1-cp313-cp313-linux_armv7l.whl", hash = "sha256:ca9e116aab0ecf4365fc2980f2e8ae1b22273c3847328b9a8e05cbd14345b397", size = 2545752, upload-time = "2025-09-26T09:08:51.433Z" },
    { url = "https://files.pythonhosted.org/packages/b9/4c/6d884e2337feff0a656e395338019adecc3aa1daeae9d7e8eb54340d4207/grpcio_tools-1.75.1-cp313-cp313-macosx_11_0_universal2.whl", hash = "sha256:9fe87a926b65eb7f41f8738b6d03677cc43185ff77a9d9b201bdb2f673f3fa1e", size = 5838163, upload-time = "2025-09-26T09:08:53.858Z" },
    { url = "https://files.pythonhosted.org/packages/d1/2a/2ba7b6911a754719643ed92ae816a7f989af2be2882b9a9e1f90f4b0e882/grpcio_tools-1.75.1-cp313-cp313-manylinux2014_aarch64.manylinux_2_17_aarch64.whl", hash = "sha256:45503a6094f91b3fd31c3d9adef26ac514f102086e2a37de797e220a6791ee87", size = 2592148, upload-time = "2025-09-26T09:08:55.86Z" },
    { url = "https://files.pythonhosted.org/packages/88/db/fa613a45c3c7b00f905bd5ad3a93c73194724d0a2dd72adae3be32983343/grpcio_tools-1.75.1-cp313-cp313-manylinux2014_i686.manylinux_2_17_i686.whl", hash = "sha256:b01b60b3de67be531a39fd869d7613fa8f178aff38c05e4d8bc2fc530fa58cb5", size = 2905215, upload-time = "2025-09-26T09:08:58.27Z" },
    { url = "https://files.pythonhosted.org/packages/d7/0c/ee4786972bb82f60e4f313bb2227c79c2cd20eb13c94c0263067923cfd12/grpcio_tools-1.75.1-cp313-cp313-manylinux2014_x86_64.manylinux_2_17_x86_64.whl", hash = "sha256:09e2b9b9488735514777d44c1e4eda813122d2c87aad219f98d5d49b359a8eab", size = 2656251, upload-time = "2025-09-26T09:09:00.249Z" },
    { url = "https://files.pythonhosted.org/packages/77/f1/cc5a50658d705d0b71ff8a4fbbfcc6279d3c95731a2ef7285e13dc40e2fe/grpcio_tools-1.75.1-cp313-cp313-musllinux_1_2_aarch64.whl", hash = "sha256:55e60300e62b220fabe6f062fe69f143abaeff3335f79b22b56d86254f3c3c80", size = 3108911, upload-time = "2025-09-26T09:09:02.515Z" },
    { url = "https://files.pythonhosted.org/packages/09/d8/43545f77c4918e778e90bc2c02b3462ac71cee14f29d85cdb69b089538eb/grpcio_tools-1.75.1-cp313-cp313-musllinux_1_2_i686.whl", hash = "sha256:49ce00fcc6facbbf52bf376e55b8e08810cecd03dab0b3a2986d73117c6f6ee4", size = 3657021, upload-time = "2025-09-26T09:09:05.331Z" },
    { url = "https://files.pythonhosted.org/packages/fc/0b/2ae5925374b66bc8df5b828eff1a5f9459349c83dae1773f0aa9858707e6/grpcio_tools-1.75.1-cp313-cp313-musllinux_1_2_x86_64.whl", hash = "sha256:71e95479aea868f8c8014d9dc4267f26ee75388a0d8a552e1648cfa0b53d24b4", size = 3324450, upload-time = "2025-09-26T09:09:07.867Z" },
    { url = "https://files.pythonhosted.org/packages/6e/53/9f887bacbecf892ac5b0b282477ca8cfa5b73911b04259f0d88b52e9a055/grpcio_tools-1.75.1-cp313-cp313-win32.whl", hash = "sha256:fff9d2297416eae8861e53154ccf70a19994e5935e6c8f58ebf431f81cbd8d12", size = 992434, upload-time = "2025-09-26T09:09:09.966Z" },
    { url = "https://files.pythonhosted.org/packages/a5/f0/9979d97002edffdc2a88e5f2e0dccea396dd4a6eab34fa2f705fe43eae2f/grpcio_tools-1.75.1-cp313-cp313-win_amd64.whl", hash = "sha256:1849ddd508143eb48791e81d42ddc924c554d1b4900e06775a927573a8d4267f", size = 1157069, upload-time = "2025-09-26T09:09:12.287Z" },
    { url = "https://files.pythonhosted.org/packages/a6/0b/4ff4ead293f2b016668628a240937828444094778c8037d2bbef700e9097/grpcio_tools-1.75.1-cp314-cp314-linux_armv7l.whl", hash = "sha256:f281b594489184b1f9a337cdfed1fc1ddb8428f41c4b4023de81527e90b38e1e", size = 2545868, upload-time = "2025-09-26T09:09:14.716Z" },
    { url = "https://files.pythonhosted.org/packages/0e/78/aa6bf73a18de5357c01ef87eea92150931586b25196fa4df197a37bae11d/grpcio_tools-1.75.1-cp314-cp314-macosx_11_0_universal2.whl", hash = "sha256:becf8332f391abc62bf4eea488b63be063d76a7cf2ef00b2e36c617d9ee9216b", size = 5838010, upload-time = "2025-09-26T09:09:20.415Z" },
    { url = "https://files.pythonhosted.org/packages/99/65/7eaad673bc971af45e079d3b13c20d9ba9842b8788d31953e3234c2e2cee/grpcio_tools-1.75.1-cp314-cp314-manylinux2014_aarch64.manylinux_2_17_aarch64.whl", hash = "sha256:a08330f24e5cd7b39541882a95a8ba04ffb4df79e2984aa0cd01ed26dcdccf49", size = 2593170, upload-time = "2025-09-26T09:09:22.889Z" },
    { url = "https://files.pythonhosted.org/packages/e4/db/57e1e29e9186c7ed223ce8a9b609d3f861c4db015efb643dfe60b403c137/grpcio_tools-1.75.1-cp314-cp314-manylinux2014_i686.manylinux_2_17_i686.whl", hash = "sha256:6bf3742bd8f102630072ed317d1496f31c454cd85ad19d37a68bd85bf9d5f8b9", size = 2905167, upload-time = "2025-09-26T09:09:25.96Z" },
    { url = "https://files.pythonhosted.org/packages/cd/7b/894f891f3cf19812192f8bbf1e0e1c958055676ecf0a5466a350730a006d/grpcio_tools-1.75.1-cp314-cp314-manylinux2014_x86_64.manylinux_2_17_x86_64.whl", hash = "sha256:f26028949474feb380460ce52d9d090d00023940c65236294a66c42ac5850e8b", size = 2656210, upload-time = "2025-09-26T09:09:28.786Z" },
    { url = "https://files.pythonhosted.org/packages/99/76/8e48427da93ef243c09629969c7b5a2c59dceb674b6b623c1f5fbaa5c8c5/grpcio_tools-1.75.1-cp314-cp314-musllinux_1_2_aarch64.whl", hash = "sha256:1bd68fb98bf08f11b6c3210834a14eefe585bad959bdba38e78b4ae3b04ba5bd", size = 3109226, upload-time = "2025-09-26T09:09:31.307Z" },
    { url = "https://files.pythonhosted.org/packages/b3/7e/ecf71c316c2a88c2478b7c6372d0f82d05f07edbf0f31b6da613df99ec7c/grpcio_tools-1.75.1-cp314-cp314-musllinux_1_2_i686.whl", hash = "sha256:f1496e21586193da62c3a73cd16f9c63c5b3efd68ff06dab96dbdfefa90d40bf", size = 3657139, upload-time = "2025-09-26T09:09:35.043Z" },
    { url = "https://files.pythonhosted.org/packages/6f/f3/b2613e81da2085f40a989c0601ec9efc11e8b32fcb71b1234b64a18af830/grpcio_tools-1.75.1-cp314-cp314-musllinux_1_2_x86_64.whl", hash = "sha256:14a78b1e36310cdb3516cdf9ee2726107875e0b247e2439d62fc8dc38cf793c1", size = 3324513, upload-time = "2025-09-26T09:09:37.44Z" },
    { url = "https://files.pythonhosted.org/packages/9a/1f/2df4fa8634542524bc22442ffe045d41905dae62cc5dd14408b80c5ac1b8/grpcio_tools-1.75.1-cp314-cp314-win32.whl", hash = "sha256:0e6f916daf222002fb98f9a6f22de0751959e7e76a24941985cc8e43cea77b50", size = 1015283, upload-time = "2025-09-26T09:09:39.461Z" },
    { url = "https://files.pythonhosted.org/packages/23/4f/f27c973ff50486a70be53a3978b6b0244398ca170a4e19d91988b5295d92/grpcio_tools-1.75.1-cp314-cp314-win_amd64.whl", hash = "sha256:878c3b362264588c45eba57ce088755f8b2b54893d41cc4a68cdeea62996da5c", size = 1189364, upload-time = "2025-09-26T09:09:42.036Z" },
]

[[package]]
name = "protobuf"
version = "6.32.1"
source = { registry = "https://pypi.org/simple" }
sdist = { url = "https://files.pythonhosted.org/packages/fa/a4/cc17347aa2897568beece2e674674359f911d6fe21b0b8d6268cd42727ac/protobuf-6.32.1.tar.gz", hash = "sha256:ee2469e4a021474ab9baafea6cd070e5bf27c7d29433504ddea1a4ee5850f68d", size = 440635, upload-time = "2025-09-11T21:38:42.935Z" }
wheels = [
    { url = "https://files.pythonhosted.org/packages/c0/98/645183ea03ab3995d29086b8bf4f7562ebd3d10c9a4b14ee3f20d47cfe50/protobuf-6.32.1-cp310-abi3-win32.whl", hash = "sha256:a8a32a84bc9f2aad712041b8b366190f71dde248926da517bde9e832e4412085", size = 424411, upload-time = "2025-09-11T21:38:27.427Z" },
    { url = "https://files.pythonhosted.org/packages/8c/f3/6f58f841f6ebafe076cebeae33fc336e900619d34b1c93e4b5c97a81fdfa/protobuf-6.32.1-cp310-abi3-win_amd64.whl", hash = "sha256:b00a7d8c25fa471f16bc8153d0e53d6c9e827f0953f3c09aaa4331c718cae5e1", size = 435738, upload-time = "2025-09-11T21:38:30.959Z" },
    { url = "https://files.pythonhosted.org/packages/10/56/a8a3f4e7190837139e68c7002ec749190a163af3e330f65d90309145a210/protobuf-6.32.1-cp39-abi3-macosx_10_9_universal2.whl", hash = "sha256:d8c7e6eb619ffdf105ee4ab76af5a68b60a9d0f66da3ea12d1640e6d8dab7281", size = 426454, upload-time = "2025-09-11T21:38:34.076Z" },
    { url = "https://files.pythonhosted.org/packages/3f/be/8dd0a927c559b37d7a6c8ab79034fd167dcc1f851595f2e641ad62be8643/protobuf-6.32.1-cp39-abi3-manylinux2014_aarch64.whl", hash = "sha256:2f5b80a49e1eb7b86d85fcd23fe92df154b9730a725c3b38c4e43b9d77018bf4", size = 322874, upload-time = "2025-09-11T21:38:35.509Z" },
    { url = "https://files.pythonhosted.org/packages/5c/f6/88d77011b605ef979aace37b7703e4eefad066f7e84d935e5a696515c2dd/protobuf-6.32.1-cp39-abi3-manylinux2014_x86_64.whl", hash = "sha256:b1864818300c297265c83a4982fd3169f97122c299f56a56e2445c3698d34710", size = 322013, upload-time = "2025-09-11T21:38:37.017Z" },
    { url = "https://files.pythonhosted.org/packages/97/b7/15cc7d93443d6c6a84626ae3258a91f4c6ac8c0edd5df35ea7658f71b79c/protobuf-6.32.1-py3-none-any.whl", hash = "sha256:2601b779fc7d32a866c6b4404f9d42a3f67c5b9f3f15b4db3cccabe06b95c346", size = 169289, upload-time = "2025-09-11T21:38:41.234Z" },
]

[[package]]
name = "python"
version = "0.1.0"
source = { virtual = "." }
dependencies = [
    { name = "grpcio-tools" },
]

[package.metadata]
requires-dist = [{ name = "grpcio-tools", specifier = ">=1.75.1" }]

[[package]]
name = "setuptools"
version = "80.9.0"
source = { registry = "https://pypi.org/simple" }
sdist = { url = "https://files.pythonhosted.org/packages/18/5d/3bf57dcd21979b887f014ea83c24ae194cfcd12b9e0fda66b957c69d1fca/setuptools-80.9.0.tar.gz", hash = "sha256:f36b47402ecde768dbfafc46e8e4207b4360c654f1f3bb84475f0a28628fb19c", size = 1319958, upload-time = "2025-05-27T00:56:51.443Z" }
wheels = [
    { url = "https://files.pythonhosted.org/packages/a3/dc/17031897dae0efacfea57dfd3a82fdd2a2aeb58e0ff71b77b87e44edc772/setuptools-80.9.0-py3-none-any.whl", hash = "sha256:062d34222ad13e0cc312a4c02d73f059e86a4acbfbdea8f8f76b28c99f306922", size = 1201486, upload-time = "2025-05-27T00:56:49.664Z" },
]

[[package]]
name = "typing-extensions"
version = "4.15.0"
source = { registry = "https://pypi.org/simple" }
sdist = { url = "https://files.pythonhosted.org/packages/72/94/1a15dd82efb362ac84269196e94cf00f187f7ed21c242792a923cdb1c61f/typing_extensions-4.15.0.tar.gz", hash = "sha256:0cea48d173cc12fa28ecabc3b837ea3cf6f38c6d1136f85cbaaf598984861466", size = 109391, upload-time = "2025-08-25T13:49:26.313Z" }
wheels = [
    { url = "https://files.pythonhosted.org/packages/18/67/36e9267722cc04a6b9f15c7f3441c2363321a3ea07da7ae0c0707beb2a9c/typing_extensions-4.15.0-py3-none-any.whl", hash = "sha256:f0fa19c6845758ab08074a0cfa8b7aecb71c999ca73d62883bc25cc018c4e548", size = 44614, upload-time = "2025-08-25T13:49:24.86Z" },
]
